
Microsoft Visual Studio Solution File, Format Version 12.00
# Visual Studio 15
VisualStudioVersion = 15.0.28307.168
MinimumVisualStudioVersion = 10.0.40219.1
Project("{9A19103F-16F7-4668-BE54-9A1E7A4F7556}") = "929.UniqueEmailAddresses", "929.UniqueEmailAddresses\929.UniqueEmailAddresses.csproj", "{3688F051-3B24-410F-9581-9EEF9F16E034}"
EndProject
Project("{FAE04EC0-301F-11D3-BF4B-00C04F79EFBC}") = "961.NRepeatedElementInSize2NArray", "961.NRepeatedElementInSize2NArray\961.NRepeatedElementInSize2NArray.csproj", "{759C363B-328E-47C7-9745-40C6D8972D28}"
EndProject
Global
	GlobalSection(SolutionConfigurationPlatforms) = preSolution
		Debug|Any CPU = Debug|Any CPU
		Release|Any CPU = Release|Any CPU
	EndGlobalSection
	GlobalSection(ProjectConfigurationPlatforms) = postSolution
		{3688F051-3B24-410F-9581-9EEF9F16E034}.Debug|Any CPU.ActiveCfg = Debug|Any CPU
		{3688F051-3B24-410F-9581-9EEF9F16E034}.Debug|Any CPU.Build.0 = Debug|Any CPU
		{3688F051-3B24-410F-9581-9EEF9F16E034}.Release|Any CPU.ActiveCfg = Release|Any CPU
		{3688F051-3B24-410F-9581-9EEF9F16E034}.Release|Any CPU.Build.0 = Release|Any CPU
		{759C363B-328E-47C7-9745-40C6D8972D28}.Debug|Any CPU.ActiveCfg = Debug|Any CPU
		{759C363B-328E-47C7-9745-40C6D8972D28}.Debug|Any CPU.Build.0 = Debug|Any CPU
		{759C363B-328E-47C7-9745-40C6D8972D28}.Release|Any CPU.ActiveCfg = Release|Any CPU
		{759C363B-328E-47C7-9745-40C6D8972D28}.Release|Any CPU.Build.0 = Release|Any CPU
	EndGlobalSection
	GlobalSection(SolutionProperties) = preSolution
		HideSolutionNode = FALSE
	EndGlobalSection
	GlobalSection(ExtensibilityGlobals) = postSolution
		SolutionGuid = {825D6518-2CBC-4A3E-8EA1-C5A559403E41}
	EndGlobalSection
EndGlobal
